<?xml version="1.0" encoding="utf-8"?>
<Project ToolsVersion="4.0" xmlns="http://schemas.microsoft.com/developer/msbuild/2003">
  <ItemGroup>
    <Filter Include="Исходные файлы">
      <UniqueIdentifier>{4FC737F1-C7A5-4376-A066-2A32D752A2FF}</UniqueIdentifier>
      <Extensions>cpp;c;cc;cxx;c++;cppm;ixx;def;odl;idl;hpj;bat;asm;asmx</Extensions>
    </Filter>
    <Filter Include="Файлы заголовков">
      <UniqueIdentifier>{93995380-89BD-4b04-88EB-625FBE52EBFB}</UniqueIdentifier>
      <Extensions>h;hh;hpp;hxx;h++;hm;inl;inc;ipp;xsd</Extensions>
    </Filter>
    <Filter Include="Файлы ресурсов">
      <UniqueIdentifier>{67DA6AB6-F800-4c08-8B7A-83BB121AAD01}</UniqueIdentifier>
      <Extensions>rc;ico;cur;bmp;dlg;rc2;rct;bin;rgs;gif;jpg;jpeg;jpe;resx;tiff;tif;png;wav;mfcribbon-ms</Extensions>
    </Filter>
    <Filter Include="Исходные файлы\domain">
      <UniqueIdentifier>{b4e96bde-bab4-4c4b-8a5c-f9e18f03beb2}</UniqueIdentifier>
    </Filter>
    <Filter Include="Файлы заголовков\domain">
      <UniqueIdentifier>{60a95d4f-6335-4eee-b742-102af45e4ca7}</UniqueIdentifier>
    </Filter>
    <Filter Include="Исходные файлы\view">
      <UniqueIdentifier>{1a07dddf-1bd9-45ca-883b-18379d5d9372}</UniqueIdentifier>
    </Filter>
    <Filter Include="Файлы заголовков\view">
      <UniqueIdentifier>{16109802-bff8-4164-88fb-d17f3ff69a72}</UniqueIdentifier>
    </Filter>
    <Filter Include="Исходные файлы\utils">
      <UniqueIdentifier>{daba607f-5b7c-464b-9945-f9bd6dc7028c}</UniqueIdentifier>
    </Filter>
    <Filter Include="Файлы заголовков\utils">
      <UniqueIdentifier>{9f4e32f2-5eba-4ee9-ab45-70942cc24b51}</UniqueIdentifier>
    </Filter>
  </ItemGroup>
  <ItemGroup>
    <ClCompile Include="Main.cpp">
      <Filter>Исходные файлы</Filter>
    </ClCompile>
    <ClCompile Include="SolverContract.cpp">
      <Filter>Исходные файлы\view</Filter>
    </ClCompile>
    <ClCompile Include="SolverPresenter.cpp">
      <Filter>Исходные файлы\view</Filter>
    </ClCompile>
    <ClCompile Include="TestSolverView.cpp">
      <Filter>Исходные файлы\view</Filter>
    </ClCompile>
    <ClCompile Include="Checker.cpp">
      <Filter>Исходные файлы\domain</Filter>
    </ClCompile>
    <ClCompile Include="CheckersSolver.cpp">
      <Filter>Исходные файлы\domain</Filter>
    </ClCompile>
    <ClCompile Include="Field.cpp">
      <Filter>Исходные файлы\domain</Filter>
    </ClCompile>
    <ClCompile Include="FileSolverView.cpp">
      <Filter>Исходные файлы\view</Filter>
    </ClCompile>
    <ClCompile Include="CheckersUtil.cpp">
      <Filter>Исходные файлы\utils</Filter>
    </ClCompile>
    <ClCompile Include="CmdUtils.cpp">
      <Filter>Исходные файлы\utils</Filter>
    </ClCompile>
  </ItemGroup>
  <ItemGroup>
    <ClInclude Include="TestSolverView.h">
      <Filter>Файлы заголовков\view</Filter>
    </ClInclude>
    <ClInclude Include="SolverContract.h">
      <Filter>Файлы заголовков\view</Filter>
    </ClInclude>
    <ClInclude Include="SolverPresenter.h">
      <Filter>Файлы заголовков\view</Filter>
    </ClInclude>
    <ClInclude Include="Checker.h">
      <Filter>Файлы заголовков\domain</Filter>
    </ClInclude>
    <ClInclude Include="CheckersSolver.h">
      <Filter>Файлы заголовков\domain</Filter>
    </ClInclude>
    <ClInclude Include="Field.h">
      <Filter>Файлы заголовков\domain</Filter>
    </ClInclude>
    <ClInclude Include="FileSolverView.h">
      <Filter>Файлы заголовков\view</Filter>
    </ClInclude>
    <ClInclude Include="CmdUtils.h">
      <Filter>Файлы заголовков\utils</Filter>
    </ClInclude>
    <ClInclude Include="CheckersUtil.h">
      <Filter>Файлы заголовков\utils</Filter>
    </ClInclude>
  </ItemGroup>
  <ItemGroup>
    <ResourceCompile Include="CheckersSolver.rc">
      <Filter>Файлы ресурсов</Filter>
    </ResourceCompile>
  </ItemGroup>
</Project>